{
  "originHash" : "b4ff03257b005f5d172e64b8db1bb30c688d7bb827df0972034de90ade82e4b5",
  "pins" : [
    {
      "identity" : "kingfisher",
      "kind" : "remoteSourceControl",
      "location" : "https://github.com/onevcat/Kingfisher.git",
      "state" : {
        "revision" : "2ef543ee21d63734e1c004ad6c870255e8716c50",
        "version" : "7.12.0"
      }
    },
    {
      "identity" : "svgnative-xcode",
      "kind" : "remoteSourceControl",
      "location" : "https://github.com/SDWebImage/svgnative-Xcode.git",
      "state" : {
        "revision" : "de560bb9f69bc89f4624855998148eb6e0bb8e60",
        "version" : "0.1.0"
      }
    }
  ],
  "version" : 3
}
